
Microsoft Visual Studio Solution File, Format Version 12.00
# Visual Studio Version 17
VisualStudioVersion = 17.0.31903.59
MinimumVisualStudioVersion = 10.0.40219.1
Project("{FAE04EC0-301F-11D3-BF4B-00C04F79EFBC}") = "With.ASP.NET.RazorPages", "With.ASP.NET.RazorPages\With.ASP.NET.RazorPages.csproj", "{098F61AF-B3D3-4C12-968A-E2A619762EEF}"
EndProject
Project("{FAE04EC0-301F-11D3-BF4B-00C04F79EFBC}") = "Click Hello Time", "Click Hello Time\Click Hello Time.csproj", "{CD74D0A3-B186-48FE-9AD3-FEB2A1583D12}"
EndProject
Project("{2150E333-8FDC-42A3-9474-1A3956D46DE8}") = "Examples from htmx.org", "Examples from htmx.org", "{77EFF951-67C2-4C45-B7B0-4754A67BACB6}"
EndProject
Global
	GlobalSection(SolutionConfigurationPlatforms) = preSolution
		Debug|Any CPU = Debug|Any CPU
		Release|Any CPU = Release|Any CPU
	EndGlobalSection
	GlobalSection(ProjectConfigurationPlatforms) = postSolution
		{098F61AF-B3D3-4C12-968A-E2A619762EEF}.Debug|Any CPU.ActiveCfg = Debug|Any CPU
		{098F61AF-B3D3-4C12-968A-E2A619762EEF}.Debug|Any CPU.Build.0 = Debug|Any CPU
		{098F61AF-B3D3-4C12-968A-E2A619762EEF}.Release|Any CPU.ActiveCfg = Release|Any CPU
		{098F61AF-B3D3-4C12-968A-E2A619762EEF}.Release|Any CPU.Build.0 = Release|Any CPU
		{CD74D0A3-B186-48FE-9AD3-FEB2A1583D12}.Debug|Any CPU.ActiveCfg = Debug|Any CPU
		{CD74D0A3-B186-48FE-9AD3-FEB2A1583D12}.Debug|Any CPU.Build.0 = Debug|Any CPU
		{CD74D0A3-B186-48FE-9AD3-FEB2A1583D12}.Release|Any CPU.ActiveCfg = Release|Any CPU
		{CD74D0A3-B186-48FE-9AD3-FEB2A1583D12}.Release|Any CPU.Build.0 = Release|Any CPU
	EndGlobalSection
	GlobalSection(SolutionProperties) = preSolution
		HideSolutionNode = FALSE
	EndGlobalSection
	GlobalSection(NestedProjects) = preSolution
		{098F61AF-B3D3-4C12-968A-E2A619762EEF} = {77EFF951-67C2-4C45-B7B0-4754A67BACB6}
	EndGlobalSection
EndGlobal
